
Microsoft Visual Studio Solution File, Format Version 12.00
# Visual Studio Version 16
VisualStudioVersion = 16.0.32407.337
MinimumVisualStudioVersion = 10.0.40219.1
Project("{FAE04EC0-301F-11D3-BF4B-00C04F79EFBC}") = "OrderItem_WebApi", "OrderItem_WebApi\OrderItem_WebApi.csproj", "{527331DC-5AC3-4318-BF22-A4BB78DC80DD}"
EndProject
Global
	GlobalSection(SolutionConfigurationPlatforms) = preSolution
		Debug|Any CPU = Debug|Any CPU
		Release|Any CPU = Release|Any CPU
	EndGlobalSection
	GlobalSection(ProjectConfigurationPlatforms) = postSolution
		{527331DC-5AC3-4318-BF22-A4BB78DC80DD}.Debug|Any CPU.ActiveCfg = Debug|Any CPU
		{527331DC-5AC3-4318-BF22-A4BB78DC80DD}.Debug|Any CPU.Build.0 = Debug|Any CPU
		{527331DC-5AC3-4318-BF22-A4BB78DC80DD}.Release|Any CPU.ActiveCfg = Release|Any CPU
		{527331DC-5AC3-4318-BF22-A4BB78DC80DD}.Release|Any CPU.Build.0 = Release|Any CPU
	EndGlobalSection
	GlobalSection(SolutionProperties) = preSolution
		HideSolutionNode = FALSE
	EndGlobalSection
	GlobalSection(ExtensibilityGlobals) = postSolution
		SolutionGuid = {5E5DA3EF-ACD7-42F5-AED8-3424F5C1B149}
	EndGlobalSection
EndGlobal
